{
  "name": "@patternfly/pfe-jump-links",
  "version": "1.0.0-prerelease.60",
  "lockfileVersion": 1,
  "requires": true,
  "dependencies": {
    "@patternfly/patternfly": {
      "version": "4.103.6",
      "resolved": "https://registry.npmjs.org/@patternfly/patternfly/-/patternfly-4.103.6.tgz",
      "integrity": "sha512-veWpHv/Dlk0P7tu96QUjLzD2Aq4IysUSGOjGPXlbb/KOUfnIrErLRmQnljY01ykXLJ7kxQSnC3yaJqCU+4fDPQ==",
      "dev": true
    },
    "@patternfly/pfe-accordion": {
      "version": "1.9.0",
      "resolved": "https://registry.npmjs.org/@patternfly/pfe-accordion/-/pfe-accordion-1.9.0.tgz",
      "integrity": "sha512-yYh3F4k1Q+9SIlkW+cj6sOBFuo+N9WEa9yizRoRfimS5xBzMNn+v+FGgL6COrrKNsT3lKhCFUTDM1mhYx3w/5A==",
      "requires": {
        "@patternfly/pfelement": "^1.9.0"
      }
    },
    "@patternfly/pfe-sass": {
      "version": "1.9.0",
      "resolved": "https://registry.npmjs.org/@patternfly/pfe-sass/-/pfe-sass-1.9.0.tgz",
      "integrity": "sha512-YJmloI2mgTdRIh0/2oVgV3ghf5idoF6/2KoU1BB/1JOszWM6GrfNrktEwBZOpVFgWfqlSDbvFE8YIEMduxTs8Q==",
      "dev": true,
      "requires": {
        "@patternfly/patternfly": "^4.23.3"
      }
    },
    "@patternfly/pfelement": {
      "version": "1.9.0",
      "resolved": "https://registry.npmjs.org/@patternfly/pfelement/-/pfelement-1.9.0.tgz",
      "integrity": "sha512-GsfN42mEE72WokV1eu9oqGLvsS6UtECTSXRda5fDp1i29CYZhvOT1MIaBcJaUInxNHFdJIusSHTEKzyi0O+zVQ=="
    }
  }
}
