{
  "name": "@patternfly/pfe-jump-links",
  "version": "1.0.0-prerelease.60",
  "lockfileVersion": 1,
  "requires": true,
  "dependencies": {
    "@patternfly/patternfly": {
      "version": "4.103.6",
      "resolved": "https://registry.npmjs.org/@patternfly/patternfly/-/patternfly-4.103.6.tgz",
      "integrity": "sha512-veWpHv/Dlk0P7tu96QUjLzD2Aq4IysUSGOjGPXlbb/KOUfnIrErLRmQnljY01ykXLJ7kxQSnC3yaJqCU+4fDPQ==",
      "dev": true
    },
    "@patternfly/pfe-accordion": {
      "version": "1.9.1",
      "resolved": "https://registry.npmjs.org/@patternfly/pfe-accordion/-/pfe-accordion-1.9.1.tgz",
      "integrity": "sha512-kpnsT+BwQrpEBGpiAKOuBuyr0ff/RHu6ZOWpyi/c2ShzuwtIzs3NX53ejzV8C09eSryB/qL2rD24faYhHYMy4g==",
      "requires": {
        "@patternfly/pfelement": "^1.9.1"
      }
    },
    "@patternfly/pfe-sass": {
      "version": "1.9.1",
      "resolved": "https://registry.npmjs.org/@patternfly/pfe-sass/-/pfe-sass-1.9.1.tgz",
      "integrity": "sha512-7abx/fVlDPthYftxsE8sGMnAi5hKg1uX1AhZatLIcCTSQeBRQ7YfPrgTRtxJ+0bRvLPmaGD9PLHyvUBscPaYaQ==",
      "dev": true,
      "requires": {
        "@patternfly/patternfly": "^4.23.3"
      }
    },
    "@patternfly/pfelement": {
      "version": "1.9.1",
      "resolved": "https://registry.npmjs.org/@patternfly/pfelement/-/pfelement-1.9.1.tgz",
      "integrity": "sha512-1KqSTzIihATPETiI11CtOTl4Qf9tDs8dKenFFu2b4BdKdBJmCYkgGDPcZVHV8CjAvoDO5F50AGsb9rpPI4XfGA=="
    }
  }
}
